{
  "requires": true,
  "lockfileVersion": 1,
  "dependencies": {
    "bootstrap": {
      "version": "5.0.0",
      "resolved": "https://registry.npmjs.org/bootstrap/-/bootstrap-5.0.0.tgz",
      "integrity": "sha512-tmhPET9B9qCl8dCofvHeiIhi49iBt0EehmIsziZib65k1erBW1rHhj2s/2JsuQh5Pq+xz2E9bEbzp9B7xHG+VA=="
    },
    "darkmode-js": {
      "version": "1.5.7",
      "resolved": "https://registry.npmjs.org/darkmode-js/-/darkmode-js-1.5.7.tgz",
      "integrity": "sha512-gM1KhV/yy/84ZUpES9/oeOn0CVtuOi2HBd+Kccr4CJz+rFccQo2gUuPbjfyPXUx7t800Zf408G6kZb5rkTgjFA=="
    }
  }
}
